
Microsoft Visual Studio Solution File, Format Version 12.00
# Visual Studio Version 16
VisualStudioVersion = 16.0.28803.452
MinimumVisualStudioVersion = 10.0.40219.1
Project("{FAE04EC0-301F-11D3-BF4B-00C04F79EFBC}") = "UnitTests", "UnitTests\UnitTests.csproj", "{A2391870-5D7C-45E3-BD87-77CDA458F39D}"
EndProject
Global
	GlobalSection(SolutionConfigurationPlatforms) = preSolution
		Debug|Any CPU = Debug|Any CPU
		Release|Any CPU = Release|Any CPU
	EndGlobalSection
	GlobalSection(ProjectConfigurationPlatforms) = postSolution
		{A2391870-5D7C-45E3-BD87-77CDA458F39D}.Debug|Any CPU.ActiveCfg = Debug|Any CPU
		{A2391870-5D7C-45E3-BD87-77CDA458F39D}.Debug|Any CPU.Build.0 = Debug|Any CPU
		{A2391870-5D7C-45E3-BD87-77CDA458F39D}.Release|Any CPU.ActiveCfg = Release|Any CPU
		{A2391870-5D7C-45E3-BD87-77CDA458F39D}.Release|Any CPU.Build.0 = Release|Any CPU
	EndGlobalSection
	GlobalSection(SolutionProperties) = preSolution
		HideSolutionNode = FALSE
	EndGlobalSection
	GlobalSection(ExtensibilityGlobals) = postSolution
		SolutionGuid = {E89E34EC-B240-42B2-BCCD-3A204ECC18D6}
	EndGlobalSection
EndGlobal
